// !$*UTF8*$!
{
	archiveVersion = 1;
	classes = {
	};
	objectVersion = 56;
	objects = {

/* Begin PBXBuildFile section */
		4B01797F28EEFB4B00D7F745 /* MockHoloKitApp.swift in Sources */ = {isa = PBXBuildFile; fileRef = 4B01797E28EEFB4B00D7F745 /* MockHoloKitApp.swift */; };
		4B01798128EEFB4B00D7F745 /* ContentView.swift in Sources */ = {isa = PBXBuildFile; fileRef = 4B01798028EEFB4B00D7F745 /* ContentView.swift */; };
		4B01798328EEFB4C00D7F745 /* Assets.xcassets in Resources */ = {isa = PBXBuildFile; fileRef = 4B01798228EEFB4C00D7F745 /* Assets.xcassets */; };
		4B01798628EEFB4C00D7F745 /* Preview Assets.xcassets in Resources */ = {isa = PBXBuildFile; fileRef = 4B01798528EEFB4C00D7F745 /* Preview Assets.xcassets */; };
		4B01798C28EEFB4C00D7F745 /* HoloKitWatchApp.app in Embed Watch Content */ = {isa = PBXBuildFile; fileRef = 4B01798B28EEFB4C00D7F745 /* HoloKitWatchApp.app */; settings = {ATTRIBUTES = (RemoveHeadersOnCopy, ); }; };
		4B01799128EEFB4C00D7F745 /* HoloKitWatchApp.swift in Sources */ = {isa = PBXBuildFile; fileRef = 4B01799028EEFB4C00D7F745 /* HoloKitWatchApp.swift */; };
		4B01799528EEFB4D00D7F745 /* Assets.xcassets in Resources */ = {isa = PBXBuildFile; fileRef = 4B01799428EEFB4D00D7F745 /* Assets.xcassets */; };
		4B01799828EEFB4D00D7F745 /* Preview Assets.xcassets in Resources */ = {isa = PBXBuildFile; fileRef = 4B01799728EEFB4D00D7F745 /* Preview Assets.xcassets */; };
		4B0179A728EEFBD800D7F745 /* HomeView.swift in Sources */ = {isa = PBXBuildFile; fileRef = 4B0179A628EEFBD800D7F745 /* HomeView.swift */; };
		4B0179A928EEFBFF00D7F745 /* HoloKitWatchAppManager.swift in Sources */ = {isa = PBXBuildFile; fileRef = 4B0179A828EEFBFF00D7F745 /* HoloKitWatchAppManager.swift */; };
		4B0179AB28EEFC1E00D7F745 /* MofaWatchAppManager.swift in Sources */ = {isa = PBXBuildFile; fileRef = 4B0179AA28EEFC1E00D7F745 /* MofaWatchAppManager.swift */; };
		4B0179AD28EEFC4600D7F745 /* MofaHomeView.swift in Sources */ = {isa = PBXBuildFile; fileRef = 4B0179AC28EEFC4600D7F745 /* MofaHomeView.swift */; };
		4B0179AF28EEFC5800D7F745 /* MofaReadyView.swift in Sources */ = {isa = PBXBuildFile; fileRef = 4B0179AE28EEFC5800D7F745 /* MofaReadyView.swift */; };
		4B0179B128EEFC7200D7F745 /* MofaHandednessView.swift in Sources */ = {isa = PBXBuildFile; fileRef = 4B0179B028EEFC7200D7F745 /* MofaHandednessView.swift */; };
		4B0179B328EEFC8900D7F745 /* MofaFightingView.swift in Sources */ = {isa = PBXBuildFile; fileRef = 4B0179B228EEFC8900D7F745 /* MofaFightingView.swift */; };
		4B0179B528EEFCA300D7F745 /* MofaResultView.swift in Sources */ = {isa = PBXBuildFile; fileRef = 4B0179B428EEFCA300D7F745 /* MofaResultView.swift */; };
		4B0179BF28EEFCF700D7F745 /* OBJECTSANS_REGULAR.ttf in Resources */ = {isa = PBXBuildFile; fileRef = 4B0179B728EEFCF700D7F745 /* OBJECTSANS_REGULAR.ttf */; };
		4B0179C028EEFCF700D7F745 /* OBJECTSANS_BOLD.ttf in Resources */ = {isa = PBXBuildFile; fileRef = 4B0179B828EEFCF700D7F745 /* OBJECTSANS_BOLD.ttf */; };
		4B0179C128EEFCF700D7F745 /* OBJECTSANS_HEAVY.ttf in Resources */ = {isa = PBXBuildFile; fileRef = 4B0179B928EEFCF700D7F745 /* OBJECTSANS_HEAVY.ttf */; };
		4B0179C228EEFCF700D7F745 /* OBJECTSANS_SLANTED.ttf in Resources */ = {isa = PBXBuildFile; fileRef = 4B0179BA28EEFCF700D7F745 /* OBJECTSANS_SLANTED.ttf */; };
		4B0179C328EEFCF700D7F745 /* OBJECTSANS_THIN.ttf in Resources */ = {isa = PBXBuildFile; fileRef = 4B0179BB28EEFCF700D7F745 /* OBJECTSANS_THIN.ttf */; };
		4B0179C428EEFCF700D7F745 /* OBJECTSANS_BOLDSLANTED.ttf in Resources */ = {isa = PBXBuildFile; fileRef = 4B0179BC28EEFCF700D7F745 /* OBJECTSANS_BOLDSLANTED.ttf */; };
		4B0179C528EEFCF700D7F745 /* OBJECTSANS_THINSLANTED.ttf in Resources */ = {isa = PBXBuildFile; fileRef = 4B0179BD28EEFCF700D7F745 /* OBJECTSANS_THINSLANTED.ttf */; };
		4B0179C628EEFCF700D7F745 /* OBJECTSANS_HEAVYSLANTED.ttf in Resources */ = {isa = PBXBuildFile; fileRef = 4B0179BE28EEFCF700D7F745 /* OBJECTSANS_HEAVYSLANTED.ttf */; };
		4B0227A028F5B79A00EF8D55 /* MockHoloKitAppWatchConnectivityManager.swift in Sources */ = {isa = PBXBuildFile; fileRef = 4B02279F28F5B79A00EF8D55 /* MockHoloKitAppWatchConnectivityManager.swift */; };
		4B5B799F28FFAE070059D8F1 /* HoloKitAppView.swift in Sources */ = {isa = PBXBuildFile; fileRef = 4B5B799E28FFAE070059D8F1 /* HoloKitAppView.swift */; };
		4B5B79A228FFAF3C0059D8F1 /* MofaView.swift in Sources */ = {isa = PBXBuildFile; fileRef = 4B5B79A128FFAF3C0059D8F1 /* MofaView.swift */; };
		4B5B79A428FFB0820059D8F1 /* MockMofaWatchConnectivityManager.swift in Sources */ = {isa = PBXBuildFile; fileRef = 4B5B79A328FFB0820059D8F1 /* MockMofaWatchConnectivityManager.swift */; };
		4B5EDFB62937961C006438C2 /* MofaActivityRingView.swift in Sources */ = {isa = PBXBuildFile; fileRef = 4B5EDFB52937961C006438C2 /* MofaActivityRingView.swift */; };
		4BE100322910C83800E569E1 /* PanelListView.swift in Sources */ = {isa = PBXBuildFile; fileRef = 4BE100312910C83800E569E1 /* PanelListView.swift */; };
		4BE100342910C90900E569E1 /* PanelView.swift in Sources */ = {isa = PBXBuildFile; fileRef = 4BE100332910C90900E569E1 /* PanelView.swift */; };
/* End PBXBuildFile section */

/* Begin PBXContainerItemProxy section */
		4B01798D28EEFB4C00D7F745 /* PBXContainerItemProxy */ = {
			isa = PBXContainerItemProxy;
			containerPortal = 4B01797328EEFB4B00D7F745 /* Project object */;
			proxyType = 1;
			remoteGlobalIDString = 4B01798A28EEFB4C00D7F745;
			remoteInfo = "HoloKitApp Watch App";
		};
/* End PBXContainerItemProxy section */

/* Begin PBXCopyFilesBuildPhase section */
		4B01799E28EEFB4D00D7F745 /* Embed Watch Content */ = {
			isa = PBXCopyFilesBuildPhase;
			buildActionMask = 2147483647;
			dstPath = "$(CONTENTS_FOLDER_PATH)/Watch";
			dstSubfolderSpec = 16;
			files = (
				4B01798C28EEFB4C00D7F745 /* HoloKitWatchApp.app in Embed Watch Content */,
			);
			name = "Embed Watch Content";
			runOnlyForDeploymentPostprocessing = 0;
		};
/* End PBXCopyFilesBuildPhase section */

/* Begin PBXFileReference section */
		4B01797B28EEFB4B00D7F745 /* MockHoloKitApp.app */ = {isa = PBXFileReference; explicitFileType = wrapper.application; includeInIndex = 0; path = MockHoloKitApp.app; sourceTree = BUILT_PRODUCTS_DIR; };
		4B01797E28EEFB4B00D7F745 /* MockHoloKitApp.swift */ = {isa = PBXFileReference; lastKnownFileType = sourcecode.swift; path = MockHoloKitApp.swift; sourceTree = "<group>"; };
		4B01798028EEFB4B00D7F745 /* ContentView.swift */ = {isa = PBXFileReference; lastKnownFileType = sourcecode.swift; path = ContentView.swift; sourceTree = "<group>"; };
		4B01798228EEFB4C00D7F745 /* Assets.xcassets */ = {isa = PBXFileReference; lastKnownFileType = folder.assetcatalog; path = Assets.xcassets; sourceTree = "<group>"; };
		4B01798528EEFB4C00D7F745 /* Preview Assets.xcassets */ = {isa = PBXFileReference; lastKnownFileType = folder.assetcatalog; path = "Preview Assets.xcassets"; sourceTree = "<group>"; };
		4B01798B28EEFB4C00D7F745 /* HoloKitWatchApp.app */ = {isa = PBXFileReference; explicitFileType = wrapper.application; includeInIndex = 0; path = HoloKitWatchApp.app; sourceTree = BUILT_PRODUCTS_DIR; };
		4B01799028EEFB4C00D7F745 /* HoloKitWatchApp.swift */ = {isa = PBXFileReference; lastKnownFileType = sourcecode.swift; path = HoloKitWatchApp.swift; sourceTree = "<group>"; };
		4B01799428EEFB4D00D7F745 /* Assets.xcassets */ = {isa = PBXFileReference; lastKnownFileType = folder.assetcatalog; path = Assets.xcassets; sourceTree = "<group>"; };
		4B01799728EEFB4D00D7F745 /* Preview Assets.xcassets */ = {isa = PBXFileReference; lastKnownFileType = folder.assetcatalog; path = "Preview Assets.xcassets"; sourceTree = "<group>"; };
		4B0179A628EEFBD800D7F745 /* HomeView.swift */ = {isa = PBXFileReference; lastKnownFileType = sourcecode.swift; path = HomeView.swift; sourceTree = "<group>"; };
		4B0179A828EEFBFF00D7F745 /* HoloKitWatchAppManager.swift */ = {isa = PBXFileReference; lastKnownFileType = sourcecode.swift; path = HoloKitWatchAppManager.swift; sourceTree = "<group>"; };
		4B0179AA28EEFC1E00D7F745 /* MofaWatchAppManager.swift */ = {isa = PBXFileReference; lastKnownFileType = sourcecode.swift; path = MofaWatchAppManager.swift; sourceTree = "<group>"; };
		4B0179AC28EEFC4600D7F745 /* MofaHomeView.swift */ = {isa = PBXFileReference; lastKnownFileType = sourcecode.swift; path = MofaHomeView.swift; sourceTree = "<group>"; };
		4B0179AE28EEFC5800D7F745 /* MofaReadyView.swift */ = {isa = PBXFileReference; lastKnownFileType = sourcecode.swift; path = MofaReadyView.swift; sourceTree = "<group>"; };
		4B0179B028EEFC7200D7F745 /* MofaHandednessView.swift */ = {isa = PBXFileReference; lastKnownFileType = sourcecode.swift; path = MofaHandednessView.swift; sourceTree = "<group>"; };
		4B0179B228EEFC8900D7F745 /* MofaFightingView.swift */ = {isa = PBXFileReference; lastKnownFileType = sourcecode.swift; path = MofaFightingView.swift; sourceTree = "<group>"; };
		4B0179B428EEFCA300D7F745 /* MofaResultView.swift */ = {isa = PBXFileReference; lastKnownFileType = sourcecode.swift; path = MofaResultView.swift; sourceTree = "<group>"; };
		4B0179B728EEFCF700D7F745 /* OBJECTSANS_REGULAR.ttf */ = {isa = PBXFileReference; lastKnownFileType = file; path = OBJECTSANS_REGULAR.ttf; sourceTree = "<group>"; };
		4B0179B828EEFCF700D7F745 /* OBJECTSANS_BOLD.ttf */ = {isa = PBXFileReference; lastKnownFileType = file; path = OBJECTSANS_BOLD.ttf; sourceTree = "<group>"; };
		4B0179B928EEFCF700D7F745 /* OBJECTSANS_HEAVY.ttf */ = {isa = PBXFileReference; lastKnownFileType = file; path = OBJECTSANS_HEAVY.ttf; sourceTree = "<group>"; };
		4B0179BA28EEFCF700D7F745 /* OBJECTSANS_SLANTED.ttf */ = {isa = PBXFileReference; lastKnownFileType = file; path = OBJECTSANS_SLANTED.ttf; sourceTree = "<group>"; };
		4B0179BB28EEFCF700D7F745 /* OBJECTSANS_THIN.ttf */ = {isa = PBXFileReference; lastKnownFileType = file; path = OBJECTSANS_THIN.ttf; sourceTree = "<group>"; };
		4B0179BC28EEFCF700D7F745 /* OBJECTSANS_BOLDSLANTED.ttf */ = {isa = PBXFileReference; lastKnownFileType = file; path = OBJECTSANS_BOLDSLANTED.ttf; sourceTree = "<group>"; };
		4B0179BD28EEFCF700D7F745 /* OBJECTSANS_THINSLANTED.ttf */ = {isa = PBXFileReference; lastKnownFileType = file; path = OBJECTSANS_THINSLANTED.ttf; sourceTree = "<group>"; };
		4B0179BE28EEFCF700D7F745 /* OBJECTSANS_HEAVYSLANTED.ttf */ = {isa = PBXFileReference; lastKnownFileType = file; path = OBJECTSANS_HEAVYSLANTED.ttf; sourceTree = "<group>"; };
		4B0179C728EEFD8B00D7F745 /* MockHoloKitApp.entitlements */ = {isa = PBXFileReference; lastKnownFileType = text.plist.entitlements; path = MockHoloKitApp.entitlements; sourceTree = "<group>"; };
		4B0179C828EEFD9B00D7F745 /* HoloKitWatchApp-Info.plist */ = {isa = PBXFileReference; lastKnownFileType = text.plist.xml; name = "HoloKitWatchApp-Info.plist"; path = "HoloKitWatchApp/HoloKitWatchApp-Info.plist"; sourceTree = SOURCE_ROOT; };
		4B0179C928EEFD9E00D7F745 /* HoloKitWatchApp.entitlements */ = {isa = PBXFileReference; lastKnownFileType = text.plist.entitlements; path = HoloKitWatchApp.entitlements; sourceTree = "<group>"; };
		4B02279F28F5B79A00EF8D55 /* MockHoloKitAppWatchConnectivityManager.swift */ = {isa = PBXFileReference; lastKnownFileType = sourcecode.swift; path = MockHoloKitAppWatchConnectivityManager.swift; sourceTree = "<group>"; };
		4B5B799E28FFAE070059D8F1 /* HoloKitAppView.swift */ = {isa = PBXFileReference; lastKnownFileType = sourcecode.swift; path = HoloKitAppView.swift; sourceTree = "<group>"; };
		4B5B79A128FFAF3C0059D8F1 /* MofaView.swift */ = {isa = PBXFileReference; lastKnownFileType = sourcecode.swift; path = MofaView.swift; sourceTree = "<group>"; };
		4B5B79A328FFB0820059D8F1 /* MockMofaWatchConnectivityManager.swift */ = {isa = PBXFileReference; lastKnownFileType = sourcecode.swift; path = MockMofaWatchConnectivityManager.swift; sourceTree = "<group>"; };
		4B5EDFB52937961C006438C2 /* MofaActivityRingView.swift */ = {isa = PBXFileReference; lastKnownFileType = sourcecode.swift; path = MofaActivityRingView.swift; sourceTree = "<group>"; };
		4BE100312910C83800E569E1 /* PanelListView.swift */ = {isa = PBXFileReference; lastKnownFileType = sourcecode.swift; path = PanelListView.swift; sourceTree = "<group>"; };
		4BE100332910C90900E569E1 /* PanelView.swift */ = {isa = PBXFileReference; lastKnownFileType = sourcecode.swift; path = PanelView.swift; sourceTree = "<group>"; };
/* End PBXFileReference section */

/* Begin PBXFrameworksBuildPhase section */
		4B01797828EEFB4B00D7F745 /* Frameworks */ = {
			isa = PBXFrameworksBuildPhase;
			buildActionMask = 2147483647;
			files = (
			);
			runOnlyForDeploymentPostprocessing = 0;
		};
		4B01798828EEFB4C00D7F745 /* Frameworks */ = {
			isa = PBXFrameworksBuildPhase;
			buildActionMask = 2147483647;
			files = (
			);
			runOnlyForDeploymentPostprocessing = 0;
		};
/* End PBXFrameworksBuildPhase section */

/* Begin PBXGroup section */
		4B01797228EEFB4B00D7F745 = {
			isa = PBXGroup;
			children = (
				4B01797D28EEFB4B00D7F745 /* MockHoloKitApp */,
				4B01798F28EEFB4C00D7F745 /* HoloKitWatchApp */,
				4B01797C28EEFB4B00D7F745 /* Products */,
			);
			sourceTree = "<group>";
		};
		4B01797C28EEFB4B00D7F745 /* Products */ = {
			isa = PBXGroup;
			children = (
				4B01797B28EEFB4B00D7F745 /* MockHoloKitApp.app */,
				4B01798B28EEFB4C00D7F745 /* HoloKitWatchApp.app */,
			);
			name = Products;
			sourceTree = "<group>";
		};
		4B01797D28EEFB4B00D7F745 /* MockHoloKitApp */ = {
			isa = PBXGroup;
			children = (
				4B0179C728EEFD8B00D7F745 /* MockHoloKitApp.entitlements */,
				4B5B79A028FFAE270059D8F1 /* Views */,
				4B01797E28EEFB4B00D7F745 /* MockHoloKitApp.swift */,
				4B02279F28F5B79A00EF8D55 /* MockHoloKitAppWatchConnectivityManager.swift */,
				4B5B79A328FFB0820059D8F1 /* MockMofaWatchConnectivityManager.swift */,
				4B01798228EEFB4C00D7F745 /* Assets.xcassets */,
				4B01798428EEFB4C00D7F745 /* Preview Content */,
			);
			path = MockHoloKitApp;
			sourceTree = "<group>";
		};
		4B01798428EEFB4C00D7F745 /* Preview Content */ = {
			isa = PBXGroup;
			children = (
				4B01798528EEFB4C00D7F745 /* Preview Assets.xcassets */,
			);
			path = "Preview Content";
			sourceTree = "<group>";
		};
		4B01798F28EEFB4C00D7F745 /* HoloKitWatchApp */ = {
			isa = PBXGroup;
			children = (
				4B0179C928EEFD9E00D7F745 /* HoloKitWatchApp.entitlements */,
				4B0179C828EEFD9B00D7F745 /* HoloKitWatchApp-Info.plist */,
				4B0179B628EEFCE200D7F745 /* Fonts */,
				4B0179A328EEFBB700D7F745 /* MOFA */,
				4B0179A228EEFBAF00D7F745 /* Foundation */,
				4B01799028EEFB4C00D7F745 /* HoloKitWatchApp.swift */,
				4B01799428EEFB4D00D7F745 /* Assets.xcassets */,
				4B01799628EEFB4D00D7F745 /* Preview Content */,
			);
			path = HoloKitWatchApp;
			sourceTree = "<group>";
		};
		4B01799628EEFB4D00D7F745 /* Preview Content */ = {
			isa = PBXGroup;
			children = (
				4B01799728EEFB4D00D7F745 /* Preview Assets.xcassets */,
			);
			path = "Preview Content";
			sourceTree = "<group>";
		};
		4B0179A228EEFBAF00D7F745 /* Foundation */ = {
			isa = PBXGroup;
			children = (
				4B0179A528EEFBC000D7F745 /* Views */,
				4B0179A828EEFBFF00D7F745 /* HoloKitWatchAppManager.swift */,
			);
			path = Foundation;
			sourceTree = "<group>";
		};
		4B0179A328EEFBB700D7F745 /* MOFA */ = {
			isa = PBXGroup;
			children = (
				4B0179A428EEFBBC00D7F745 /* Views */,
				4B0179AA28EEFC1E00D7F745 /* MofaWatchAppManager.swift */,
			);
			path = MOFA;
			sourceTree = "<group>";
		};
		4B0179A428EEFBBC00D7F745 /* Views */ = {
			isa = PBXGroup;
			children = (
				4B0179AC28EEFC4600D7F745 /* MofaHomeView.swift */,
				4B0179AE28EEFC5800D7F745 /* MofaReadyView.swift */,
				4B0179B028EEFC7200D7F745 /* MofaHandednessView.swift */,
				4B0179B228EEFC8900D7F745 /* MofaFightingView.swift */,
				4B0179B428EEFCA300D7F745 /* MofaResultView.swift */,
				4B5EDFB52937961C006438C2 /* MofaActivityRingView.swift */,
			);
			path = Views;
			sourceTree = "<group>";
		};
		4B0179A528EEFBC000D7F745 /* Views */ = {
			isa = PBXGroup;
			children = (
				4B0179A628EEFBD800D7F745 /* HomeView.swift */,
				4BE100312910C83800E569E1 /* PanelListView.swift */,
				4BE100332910C90900E569E1 /* PanelView.swift */,
			);
			path = Views;
			sourceTree = "<group>";
		};
		4B0179B628EEFCE200D7F745 /* Fonts */ = {
			isa = PBXGroup;
			children = (
				4B0179B828EEFCF700D7F745 /* OBJECTSANS_BOLD.ttf */,
				4B0179BC28EEFCF700D7F745 /* OBJECTSANS_BOLDSLANTED.ttf */,
				4B0179B928EEFCF700D7F745 /* OBJECTSANS_HEAVY.ttf */,
				4B0179BE28EEFCF700D7F745 /* OBJECTSANS_HEAVYSLANTED.ttf */,
				4B0179B728EEFCF700D7F745 /* OBJECTSANS_REGULAR.ttf */,
				4B0179BA28EEFCF700D7F745 /* OBJECTSANS_SLANTED.ttf */,
				4B0179BB28EEFCF700D7F745 /* OBJECTSANS_THIN.ttf */,
				4B0179BD28EEFCF700D7F745 /* OBJECTSANS_THINSLANTED.ttf */,
			);
			path = Fonts;
			sourceTree = "<group>";
		};
		4B5B79A028FFAE270059D8F1 /* Views */ = {
			isa = PBXGroup;
			children = (
				4B01798028EEFB4B00D7F745 /* ContentView.swift */,
				4B5B799E28FFAE070059D8F1 /* HoloKitAppView.swift */,
				4B5B79A128FFAF3C0059D8F1 /* MofaView.swift */,
			);
			path = Views;
			sourceTree = "<group>";
		};
/* End PBXGroup section */

/* Begin PBXNativeTarget section */
		4B01797A28EEFB4B00D7F745 /* MockHoloKitApp */ = {
			isa = PBXNativeTarget;
			buildConfigurationList = 4B01799F28EEFB4D00D7F745 /* Build configuration list for PBXNativeTarget "MockHoloKitApp" */;
			buildPhases = (
				4B01797728EEFB4B00D7F745 /* Sources */,
				4B01797828EEFB4B00D7F745 /* Frameworks */,
				4B01797928EEFB4B00D7F745 /* Resources */,
				4B01799E28EEFB4D00D7F745 /* Embed Watch Content */,
			);
			buildRules = (
			);
			dependencies = (
				4B01798E28EEFB4C00D7F745 /* PBXTargetDependency */,
			);
			name = MockHoloKitApp;
			productName = HoloKitApp;
			productReference = 4B01797B28EEFB4B00D7F745 /* MockHoloKitApp.app */;
			productType = "com.apple.product-type.application";
		};
		4B01798A28EEFB4C00D7F745 /* HoloKitWatchApp */ = {
			isa = PBXNativeTarget;
			buildConfigurationList = 4B01799B28EEFB4D00D7F745 /* Build configuration list for PBXNativeTarget "HoloKitWatchApp" */;
			buildPhases = (
				4B01798728EEFB4C00D7F745 /* Sources */,
				4B01798828EEFB4C00D7F745 /* Frameworks */,
				4B01798928EEFB4C00D7F745 /* Resources */,
			);
			buildRules = (
			);
			dependencies = (
			);
			name = HoloKitWatchApp;
			productName = "HoloKitApp Watch App";
			productReference = 4B01798B28EEFB4C00D7F745 /* HoloKitWatchApp.app */;
			productType = "com.apple.product-type.application";
		};
/* End PBXNativeTarget section */

/* Begin PBXProject section */
		4B01797328EEFB4B00D7F745 /* Project object */ = {
			isa = PBXProject;
			attributes = {
				BuildIndependentTargetsInParallel = 1;
				LastSwiftUpdateCheck = 1400;
				LastUpgradeCheck = 1400;
				TargetAttributes = {
					4B01797A28EEFB4B00D7F745 = {
						CreatedOnToolsVersion = 14.0;
					};
					4B01798A28EEFB4C00D7F745 = {
						CreatedOnToolsVersion = 14.0;
					};
				};
			};
			buildConfigurationList = 4B01797628EEFB4B00D7F745 /* Build configuration list for PBXProject "TestHoloKitWatchApp" */;
			compatibilityVersion = "Xcode 14.0";
			developmentRegion = en;
			hasScannedForEncodings = 0;
			knownRegions = (
				en,
				Base,
			);
			mainGroup = 4B01797228EEFB4B00D7F745;
			productRefGroup = 4B01797C28EEFB4B00D7F745 /* Products */;
			projectDirPath = "";
			projectRoot = "";
			targets = (
				4B01797A28EEFB4B00D7F745 /* MockHoloKitApp */,
				4B01798A28EEFB4C00D7F745 /* HoloKitWatchApp */,
			);
		};
/* End PBXProject section */

/* Begin PBXResourcesBuildPhase section */
		4B01797928EEFB4B00D7F745 /* Resources */ = {
			isa = PBXResourcesBuildPhase;
			buildActionMask = 2147483647;
			files = (
				4B01798628EEFB4C00D7F745 /* Preview Assets.xcassets in Resources */,
				4B01798328EEFB4C00D7F745 /* Assets.xcassets in Resources */,
			);
			runOnlyForDeploymentPostprocessing = 0;
		};
		4B01798928EEFB4C00D7F745 /* Resources */ = {
			isa = PBXResourcesBuildPhase;
			buildActionMask = 2147483647;
			files = (
				4B0179C228EEFCF700D7F745 /* OBJECTSANS_SLANTED.ttf in Resources */,
				4B01799828EEFB4D00D7F745 /* Preview Assets.xcassets in Resources */,
				4B0179C128EEFCF700D7F745 /* OBJECTSANS_HEAVY.ttf in Resources */,
				4B01799528EEFB4D00D7F745 /* Assets.xcassets in Resources */,
				4B0179C628EEFCF700D7F745 /* OBJECTSANS_HEAVYSLANTED.ttf in Resources */,
				4B0179C328EEFCF700D7F745 /* OBJECTSANS_THIN.ttf in Resources */,
				4B0179C428EEFCF700D7F745 /* OBJECTSANS_BOLDSLANTED.ttf in Resources */,
				4B0179BF28EEFCF700D7F745 /* OBJECTSANS_REGULAR.ttf in Resources */,
				4B0179C028EEFCF700D7F745 /* OBJECTSANS_BOLD.ttf in Resources */,
				4B0179C528EEFCF700D7F745 /* OBJECTSANS_THINSLANTED.ttf in Resources */,
			);
			runOnlyForDeploymentPostprocessing = 0;
		};
/* End PBXResourcesBuildPhase section */

/* Begin PBXSourcesBuildPhase section */
		4B01797728EEFB4B00D7F745 /* Sources */ = {
			isa = PBXSourcesBuildPhase;
			buildActionMask = 2147483647;
			files = (
				4B01798128EEFB4B00D7F745 /* ContentView.swift in Sources */,
				4B5B799F28FFAE070059D8F1 /* HoloKitAppView.swift in Sources */,
				4B01797F28EEFB4B00D7F745 /* MockHoloKitApp.swift in Sources */,
				4B0227A028F5B79A00EF8D55 /* MockHoloKitAppWatchConnectivityManager.swift in Sources */,
				4B5B79A228FFAF3C0059D8F1 /* MofaView.swift in Sources */,
				4B5B79A428FFB0820059D8F1 /* MockMofaWatchConnectivityManager.swift in Sources */,
			);
			runOnlyForDeploymentPostprocessing = 0;
		};
		4B01798728EEFB4C00D7F745 /* Sources */ = {
			isa = PBXSourcesBuildPhase;
			buildActionMask = 2147483647;
			files = (
				4B01799128EEFB4C00D7F745 /* HoloKitWatchApp.swift in Sources */,
				4BE100322910C83800E569E1 /* PanelListView.swift in Sources */,
				4B0179AD28EEFC4600D7F745 /* MofaHomeView.swift in Sources */,
				4B0179B128EEFC7200D7F745 /* MofaHandednessView.swift in Sources */,
				4BE100342910C90900E569E1 /* PanelView.swift in Sources */,
				4B0179AF28EEFC5800D7F745 /* MofaReadyView.swift in Sources */,
				4B0179B528EEFCA300D7F745 /* MofaResultView.swift in Sources */,
				4B0179A728EEFBD800D7F745 /* HomeView.swift in Sources */,
				4B5EDFB62937961C006438C2 /* MofaActivityRingView.swift in Sources */,
				4B0179AB28EEFC1E00D7F745 /* MofaWatchAppManager.swift in Sources */,
				4B0179A928EEFBFF00D7F745 /* HoloKitWatchAppManager.swift in Sources */,
				4B0179B328EEFC8900D7F745 /* MofaFightingView.swift in Sources */,
			);
			runOnlyForDeploymentPostprocessing = 0;
		};
/* End PBXSourcesBuildPhase section */

/* Begin PBXTargetDependency section */
		4B01798E28EEFB4C00D7F745 /* PBXTargetDependency */ = {
			isa = PBXTargetDependency;
			target = 4B01798A28EEFB4C00D7F745 /* HoloKitWatchApp */;
			targetProxy = 4B01798D28EEFB4C00D7F745 /* PBXContainerItemProxy */;
		};
/* End PBXTargetDependency section */

/* Begin XCBuildConfiguration section */
		4B01799928EEFB4D00D7F745 /* Debug */ = {
			isa = XCBuildConfiguration;
			buildSettings = {
				ALWAYS_SEARCH_USER_PATHS = NO;
				CLANG_ANALYZER_NONNULL = YES;
				CLANG_ANALYZER_NUMBER_OBJECT_CONVERSION = YES_AGGRESSIVE;
				CLANG_CXX_LANGUAGE_STANDARD = "gnu++20";
				CLANG_ENABLE_MODULES = YES;
				CLANG_ENABLE_OBJC_ARC = YES;
				CLANG_ENABLE_OBJC_WEAK = YES;
				CLANG_WARN_BLOCK_CAPTURE_AUTORELEASING = YES;
				CLANG_WARN_BOOL_CONVERSION = YES;
				CLANG_WARN_COMMA = YES;
				CLANG_WARN_CONSTANT_CONVERSION = YES;
				CLANG_WARN_DEPRECATED_OBJC_IMPLEMENTATIONS = YES;
				CLANG_WARN_DIRECT_OBJC_ISA_USAGE = YES_ERROR;
				CLANG_WARN_DOCUMENTATION_COMMENTS = YES;
				CLANG_WARN_EMPTY_BODY = YES;
				CLANG_WARN_ENUM_CONVERSION = YES;
				CLANG_WARN_INFINITE_RECURSION = YES;
				CLANG_WARN_INT_CONVERSION = YES;
				CLANG_WARN_NON_LITERAL_NULL_CONVERSION = YES;
				CLANG_WARN_OBJC_IMPLICIT_RETAIN_SELF = YES;
				CLANG_WARN_OBJC_LITERAL_CONVERSION = YES;
				CLANG_WARN_OBJC_ROOT_CLASS = YES_ERROR;
				CLANG_WARN_QUOTED_INCLUDE_IN_FRAMEWORK_HEADER = YES;
				CLANG_WARN_RANGE_LOOP_ANALYSIS = YES;
				CLANG_WARN_STRICT_PROTOTYPES = YES;
				CLANG_WARN_SUSPICIOUS_MOVE = YES;
				CLANG_WARN_UNGUARDED_AVAILABILITY = YES_AGGRESSIVE;
				CLANG_WARN_UNREACHABLE_CODE = YES;
				CLANG_WARN__DUPLICATE_METHOD_MATCH = YES;
				COPY_PHASE_STRIP = NO;
				DEBUG_INFORMATION_FORMAT = dwarf;
				ENABLE_STRICT_OBJC_MSGSEND = YES;
				ENABLE_TESTABILITY = YES;
				GCC_C_LANGUAGE_STANDARD = gnu11;
				GCC_DYNAMIC_NO_PIC = NO;
				GCC_NO_COMMON_BLOCKS = YES;
				GCC_OPTIMIZATION_LEVEL = 0;
				GCC_PREPROCESSOR_DEFINITIONS = (
					"DEBUG=1",
					"$(inherited)",
				);
				GCC_WARN_64_TO_32_BIT_CONVERSION = YES;
				GCC_WARN_ABOUT_RETURN_TYPE = YES_ERROR;
				GCC_WARN_UNDECLARED_SELECTOR = YES;
				GCC_WARN_UNINITIALIZED_AUTOS = YES_AGGRESSIVE;
				GCC_WARN_UNUSED_FUNCTION = YES;
				GCC_WARN_UNUSED_VARIABLE = YES;
				MTL_ENABLE_DEBUG_INFO = INCLUDE_SOURCE;
				MTL_FAST_MATH = YES;
				ONLY_ACTIVE_ARCH = YES;
				SWIFT_ACTIVE_COMPILATION_CONDITIONS = DEBUG;
				SWIFT_OPTIMIZATION_LEVEL = "-Onone";
			};
			name = Debug;
		};
		4B01799A28EEFB4D00D7F745 /* Release */ = {
			isa = XCBuildConfiguration;
			buildSettings = {
				ALWAYS_SEARCH_USER_PATHS = NO;
				CLANG_ANALYZER_NONNULL = YES;
				CLANG_ANALYZER_NUMBER_OBJECT_CONVERSION = YES_AGGRESSIVE;
				CLANG_CXX_LANGUAGE_STANDARD = "gnu++20";
				CLANG_ENABLE_MODULES = YES;
				CLANG_ENABLE_OBJC_ARC = YES;
				CLANG_ENABLE_OBJC_WEAK = YES;
				CLANG_WARN_BLOCK_CAPTURE_AUTORELEASING = YES;
				CLANG_WARN_BOOL_CONVERSION = YES;
				CLANG_WARN_COMMA = YES;
				CLANG_WARN_CONSTANT_CONVERSION = YES;
				CLANG_WARN_DEPRECATED_OBJC_IMPLEMENTATIONS = YES;
				CLANG_WARN_DIRECT_OBJC_ISA_USAGE = YES_ERROR;
				CLANG_WARN_DOCUMENTATION_COMMENTS = YES;
				CLANG_WARN_EMPTY_BODY = YES;
				CLANG_WARN_ENUM_CONVERSION = YES;
				CLANG_WARN_INFINITE_RECURSION = YES;
				CLANG_WARN_INT_CONVERSION = YES;
				CLANG_WARN_NON_LITERAL_NULL_CONVERSION = YES;
				CLANG_WARN_OBJC_IMPLICIT_RETAIN_SELF = YES;
				CLANG_WARN_OBJC_LITERAL_CONVERSION = YES;
				CLANG_WARN_OBJC_ROOT_CLASS = YES_ERROR;
				CLANG_WARN_QUOTED_INCLUDE_IN_FRAMEWORK_HEADER = YES;
				CLANG_WARN_RANGE_LOOP_ANALYSIS = YES;
				CLANG_WARN_STRICT_PROTOTYPES = YES;
				CLANG_WARN_SUSPICIOUS_MOVE = YES;
				CLANG_WARN_UNGUARDED_AVAILABILITY = YES_AGGRESSIVE;
				CLANG_WARN_UNREACHABLE_CODE = YES;
				CLANG_WARN__DUPLICATE_METHOD_MATCH = YES;
				COPY_PHASE_STRIP = NO;
				DEBUG_INFORMATION_FORMAT = "dwarf-with-dsym";
				ENABLE_NS_ASSERTIONS = NO;
				ENABLE_STRICT_OBJC_MSGSEND = YES;
				GCC_C_LANGUAGE_STANDARD = gnu11;
				GCC_NO_COMMON_BLOCKS = YES;
				GCC_WARN_64_TO_32_BIT_CONVERSION = YES;
				GCC_WARN_ABOUT_RETURN_TYPE = YES_ERROR;
				GCC_WARN_UNDECLARED_SELECTOR = YES;
				GCC_WARN_UNINITIALIZED_AUTOS = YES_AGGRESSIVE;
				GCC_WARN_UNUSED_FUNCTION = YES;
				GCC_WARN_UNUSED_VARIABLE = YES;
				MTL_ENABLE_DEBUG_INFO = NO;
				MTL_FAST_MATH = YES;
				SWIFT_COMPILATION_MODE = wholemodule;
				SWIFT_OPTIMIZATION_LEVEL = "-O";
			};
			name = Release;
		};
		4B01799C28EEFB4D00D7F745 /* Debug */ = {
			isa = XCBuildConfiguration;
			buildSettings = {
				ASSETCATALOG_COMPILER_APPICON_NAME = AppIcon;
				ASSETCATALOG_COMPILER_GLOBAL_ACCENT_COLOR_NAME = AccentColor;
				CODE_SIGN_ENTITLEMENTS = HoloKitWatchApp/HoloKitWatchApp.entitlements;
				CODE_SIGN_STYLE = Automatic;
				CURRENT_PROJECT_VERSION = 1;
				DEVELOPMENT_ASSET_PATHS = "\"HoloKitWatchApp/Preview Content\"";
				DEVELOPMENT_TEAM = 22UNC7G33B;
				ENABLE_PREVIEWS = YES;
				GENERATE_INFOPLIST_FILE = YES;
				INFOPLIST_FILE = "HoloKitWatchApp/HoloKitWatchApp-Info.plist";
				INFOPLIST_KEY_CFBundleDisplayName = HoloKit;
				INFOPLIST_KEY_NSHealthShareUsageDescription = "Your workout data during the gameplay will be displayed after each round.";
				INFOPLIST_KEY_NSHealthUpdateUsageDescription = "Workouts tracked by HoloKit app on Apple Watch will be saved to HealthKit.";
				INFOPLIST_KEY_UISupportedInterfaceOrientations = "UIInterfaceOrientationPortrait UIInterfaceOrientationPortraitUpsideDown";
				INFOPLIST_KEY_WKCompanionAppBundleIdentifier = "com.holoi.holokit.holokit-app";
				LD_RUNPATH_SEARCH_PATHS = (
					"$(inherited)",
					"@executable_path/Frameworks",
				);
				MARKETING_VERSION = 1.0;
				PRODUCT_BUNDLE_IDENTIFIER = "com.holoi.holokit.holokit-app.watch-app";
				PRODUCT_NAME = "$(TARGET_NAME)";
				SDKROOT = watchos;
				SKIP_INSTALL = YES;
				SWIFT_EMIT_LOC_STRINGS = YES;
				SWIFT_VERSION = 5.0;
				TARGETED_DEVICE_FAMILY = 4;
				WATCHOS_DEPLOYMENT_TARGET = 9.0;
			};
			name = Debug;
		};
		4B01799D28EEFB4D00D7F745 /* Release */ = {
			isa = XCBuildConfiguration;
			buildSettings = {
				ASSETCATALOG_COMPILER_APPICON_NAME = AppIcon;
				ASSETCATALOG_COMPILER_GLOBAL_ACCENT_COLOR_NAME = AccentColor;
				CODE_SIGN_ENTITLEMENTS = HoloKitWatchApp/HoloKitWatchApp.entitlements;
				CODE_SIGN_STYLE = Automatic;
				CURRENT_PROJECT_VERSION = 1;
				DEVELOPMENT_ASSET_PATHS = "\"HoloKitWatchApp/Preview Content\"";
				DEVELOPMENT_TEAM = 22UNC7G33B;
				ENABLE_PREVIEWS = YES;
				GENERATE_INFOPLIST_FILE = YES;
				INFOPLIST_FILE = "HoloKitWatchApp/HoloKitWatchApp-Info.plist";
				INFOPLIST_KEY_CFBundleDisplayName = HoloKit;
				INFOPLIST_KEY_NSHealthShareUsageDescription = "Your workout data during the gameplay will be displayed after each round.";
				INFOPLIST_KEY_NSHealthUpdateUsageDescription = "Workouts tracked by HoloKit app on Apple Watch will be saved to HealthKit.";
				INFOPLIST_KEY_UISupportedInterfaceOrientations = "UIInterfaceOrientationPortrait UIInterfaceOrientationPortraitUpsideDown";
				INFOPLIST_KEY_WKCompanionAppBundleIdentifier = "com.holoi.holokit.holokit-app";
				LD_RUNPATH_SEARCH_PATHS = (
					"$(inherited)",
					"@executable_path/Frameworks",
				);
				MARKETING_VERSION = 1.0;
				PRODUCT_BUNDLE_IDENTIFIER = "com.holoi.holokit.holokit-app.watch-app";
				PRODUCT_NAME = "$(TARGET_NAME)";
				SDKROOT = watchos;
				SKIP_INSTALL = YES;
				SWIFT_EMIT_LOC_STRINGS = YES;
				SWIFT_VERSION = 5.0;
				TARGETED_DEVICE_FAMILY = 4;
				VALIDATE_PRODUCT = YES;
				WATCHOS_DEPLOYMENT_TARGET = 9.0;
			};
			name = Release;
		};
		4B0179A028EEFB4D00D7F745 /* Debug */ = {
			isa = XCBuildConfiguration;
			buildSettings = {
				ALWAYS_EMBED_SWIFT_STANDARD_LIBRARIES = YES;
				ASSETCATALOG_COMPILER_APPICON_NAME = AppIcon;
				ASSETCATALOG_COMPILER_GLOBAL_ACCENT_COLOR_NAME = AccentColor;
				CODE_SIGN_ENTITLEMENTS = MockHoloKitApp/MockHoloKitApp.entitlements;
				CODE_SIGN_STYLE = Automatic;
				CURRENT_PROJECT_VERSION = 1;
				DEVELOPMENT_ASSET_PATHS = "\"MockHoloKitApp/Preview Content\"";
				DEVELOPMENT_TEAM = 22UNC7G33B;
				ENABLE_PREVIEWS = YES;
				GENERATE_INFOPLIST_FILE = YES;
				INFOPLIST_KEY_CFBundleDisplayName = HoloKit;
				INFOPLIST_KEY_UIApplicationSceneManifest_Generation = YES;
				INFOPLIST_KEY_UIApplicationSupportsIndirectInputEvents = YES;
				INFOPLIST_KEY_UILaunchScreen_Generation = YES;
				INFOPLIST_KEY_UISupportedInterfaceOrientations_iPad = "UIInterfaceOrientationPortrait UIInterfaceOrientationPortraitUpsideDown UIInterfaceOrientationLandscapeLeft UIInterfaceOrientationLandscapeRight";
				INFOPLIST_KEY_UISupportedInterfaceOrientations_iPhone = "UIInterfaceOrientationPortrait UIInterfaceOrientationLandscapeLeft UIInterfaceOrientationLandscapeRight";
				INFOPLIST_KEY_WKCompanionAppBundleIdentifier = "";
				IPHONEOS_DEPLOYMENT_TARGET = 16.0;
				LD_RUNPATH_SEARCH_PATHS = (
					"$(inherited)",
					"@executable_path/Frameworks",
				);
				MARKETING_VERSION = 1.0;
				PRODUCT_BUNDLE_IDENTIFIER = "com.holoi.holokit.holokit-app";
				PRODUCT_NAME = "$(TARGET_NAME)";
				SDKROOT = iphoneos;
				SWIFT_EMIT_LOC_STRINGS = YES;
				SWIFT_VERSION = 5.0;
				TARGETED_DEVICE_FAMILY = "1,2";
			};
			name = Debug;
		};
		4B0179A128EEFB4D00D7F745 /* Release */ = {
			isa = XCBuildConfiguration;
			buildSettings = {
				ALWAYS_EMBED_SWIFT_STANDARD_LIBRARIES = YES;
				ASSETCATALOG_COMPILER_APPICON_NAME = AppIcon;
				ASSETCATALOG_COMPILER_GLOBAL_ACCENT_COLOR_NAME = AccentColor;
				CODE_SIGN_ENTITLEMENTS = MockHoloKitApp/MockHoloKitApp.entitlements;
				CODE_SIGN_STYLE = Automatic;
				CURRENT_PROJECT_VERSION = 1;
				DEVELOPMENT_ASSET_PATHS = "\"MockHoloKitApp/Preview Content\"";
				DEVELOPMENT_TEAM = 22UNC7G33B;
				ENABLE_PREVIEWS = YES;
				GENERATE_INFOPLIST_FILE = YES;
				INFOPLIST_KEY_CFBundleDisplayName = HoloKit;
				INFOPLIST_KEY_UIApplicationSceneManifest_Generation = YES;
				INFOPLIST_KEY_UIApplicationSupportsIndirectInputEvents = YES;
				INFOPLIST_KEY_UILaunchScreen_Generation = YES;
				INFOPLIST_KEY_UISupportedInterfaceOrientations_iPad = "UIInterfaceOrientationPortrait UIInterfaceOrientationPortraitUpsideDown UIInterfaceOrientationLandscapeLeft UIInterfaceOrientationLandscapeRight";
				INFOPLIST_KEY_UISupportedInterfaceOrientations_iPhone = "UIInterfaceOrientationPortrait UIInterfaceOrientationLandscapeLeft UIInterfaceOrientationLandscapeRight";
				INFOPLIST_KEY_WKCompanionAppBundleIdentifier = "";
				IPHONEOS_DEPLOYMENT_TARGET = 16.0;
				LD_RUNPATH_SEARCH_PATHS = (
					"$(inherited)",
					"@executable_path/Frameworks",
				);
				MARKETING_VERSION = 1.0;
				PRODUCT_BUNDLE_IDENTIFIER = "com.holoi.holokit.holokit-app";
				PRODUCT_NAME = "$(TARGET_NAME)";
				SDKROOT = iphoneos;
				SWIFT_EMIT_LOC_STRINGS = YES;
				SWIFT_VERSION = 5.0;
				TARGETED_DEVICE_FAMILY = "1,2";
				VALIDATE_PRODUCT = YES;
			};
			name = Release;
		};
/* End XCBuildConfiguration section */

/* Begin XCConfigurationList section */
		4B01797628EEFB4B00D7F745 /* Build configuration list for PBXProject "TestHoloKitWatchApp" */ = {
			isa = XCConfigurationList;
			buildConfigurations = (
				4B01799928EEFB4D00D7F745 /* Debug */,
				4B01799A28EEFB4D00D7F745 /* Release */,
			);
			defaultConfigurationIsVisible = 0;
			defaultConfigurationName = Release;
		};
		4B01799B28EEFB4D00D7F745 /* Build configuration list for PBXNativeTarget "HoloKitWatchApp" */ = {
			isa = XCConfigurationList;
			buildConfigurations = (
				4B01799C28EEFB4D00D7F745 /* Debug */,
				4B01799D28EEFB4D00D7F745 /* Release */,
			);
			defaultConfigurationIsVisible = 0;
			defaultConfigurationName = Release;
		};
		4B01799F28EEFB4D00D7F745 /* Build configuration list for PBXNativeTarget "MockHoloKitApp" */ = {
			isa = XCConfigurationList;
			buildConfigurations = (
				4B0179A028EEFB4D00D7F745 /* Debug */,
				4B0179A128EEFB4D00D7F745 /* Release */,
			);
			defaultConfigurationIsVisible = 0;
			defaultConfigurationName = Release;
		};
/* End XCConfigurationList section */
	};
	rootObject = 4B01797328EEFB4B00D7F745 /* Project object */;
}
